
Microsoft Visual Studio Solution File, Format Version 12.00
# Visual Studio Version 17
VisualStudioVersion = 17.11.35312.102
MinimumVisualStudioVersion = 10.0.40219.1
Project("{9A19103F-16F7-4668-BE54-9A1E7A4F7556}") = "ShoppingListBlazorApp", "ShoppingListBlazorApp\ShoppingListBlazorApp.csproj", "{20182328-84A1-46A4-AE4F-5A8FED872862}"
EndProject
Global
	GlobalSection(SolutionConfigurationPlatforms) = preSolution
		Debug|Any CPU = Debug|Any CPU
		Release|Any CPU = Release|Any CPU
	EndGlobalSection
	GlobalSection(ProjectConfigurationPlatforms) = postSolution
		{20182328-84A1-46A4-AE4F-5A8FED872862}.Debug|Any CPU.ActiveCfg = Debug|Any CPU
		{20182328-84A1-46A4-AE4F-5A8FED872862}.Debug|Any CPU.Build.0 = Debug|Any CPU
		{20182328-84A1-46A4-AE4F-5A8FED872862}.Release|Any CPU.ActiveCfg = Release|Any CPU
		{20182328-84A1-46A4-AE4F-5A8FED872862}.Release|Any CPU.Build.0 = Release|Any CPU
	EndGlobalSection
	GlobalSection(SolutionProperties) = preSolution
		HideSolutionNode = FALSE
	EndGlobalSection
	GlobalSection(ExtensibilityGlobals) = postSolution
		SolutionGuid = {013BFAF2-5D1D-4412-BDD3-5BD10253AD7C}
	EndGlobalSection
EndGlobal
